
Microsoft Visual Studio Solution File, Format Version 12.00
# Visual Studio Version 16
VisualStudioVersion = 16.0.30804.86
MinimumVisualStudioVersion = 10.0.40219.1
Project("{9A19103F-16F7-4668-BE54-9A1E7A4F7556}") = "Grouper.Api.Web", "src\Grouper.Api.Web\Grouper.Api.Web.csproj", "{9FFD5A98-B9EA-4BD3-92B2-B0C1B0539A8A}"
EndProject
Project("{9A19103F-16F7-4668-BE54-9A1E7A4F7556}") = "Grouper.Api.Data", "src\Grouper.Api.Data\Grouper.Api.Data.csproj", "{CA68B5FE-6B72-47FE-8C19-8A649918D784}"
EndProject
Project("{9A19103F-16F7-4668-BE54-9A1E7A4F7556}") = "Grouper.Api.Infrastructure", "src\Grouper.Api.Infrastructure\Grouper.Api.Infrastructure.csproj", "{31530FE3-270E-46F1-A464-67F546437375}"
EndProject
Project("{2150E333-8FDC-42A3-9474-1A3956D46DE8}") = "src", "src", "{A21E0729-803F-4DC3-B04A-11643B808221}"
EndProject
Project("{2150E333-8FDC-42A3-9474-1A3956D46DE8}") = "tests", "tests", "{C52CFA6E-910C-4D89-B88D-A90616D862FA}"
EndProject
Project("{9A19103F-16F7-4668-BE54-9A1E7A4F7556}") = "Grouper.Api.Data.Tests", "tests\Grouper.Api.Data.Tests\Grouper.Api.Data.Tests.csproj", "{0E6645CA-4D4B-4F32-84A1-A5521B0C13C1}"
EndProject
Project("{FAE04EC0-301F-11D3-BF4B-00C04F79EFBC}") = "Grouper.Api.Infrastructure.Tests", "tests\Grouper.Api.Infrastructure.Tests\Grouper.Api.Infrastructure.Tests.csproj", "{BC366A3C-3507-4B84-B6F4-EE1761D41F8E}"
EndProject
Global
	GlobalSection(SolutionConfigurationPlatforms) = preSolution
		Debug|Any CPU = Debug|Any CPU
		Release|Any CPU = Release|Any CPU
	EndGlobalSection
	GlobalSection(ProjectConfigurationPlatforms) = postSolution
		{9FFD5A98-B9EA-4BD3-92B2-B0C1B0539A8A}.Debug|Any CPU.ActiveCfg = Debug|Any CPU
		{9FFD5A98-B9EA-4BD3-92B2-B0C1B0539A8A}.Debug|Any CPU.Build.0 = Debug|Any CPU
		{9FFD5A98-B9EA-4BD3-92B2-B0C1B0539A8A}.Release|Any CPU.ActiveCfg = Release|Any CPU
		{9FFD5A98-B9EA-4BD3-92B2-B0C1B0539A8A}.Release|Any CPU.Build.0 = Release|Any CPU
		{CA68B5FE-6B72-47FE-8C19-8A649918D784}.Debug|Any CPU.ActiveCfg = Debug|Any CPU
		{CA68B5FE-6B72-47FE-8C19-8A649918D784}.Debug|Any CPU.Build.0 = Debug|Any CPU
		{CA68B5FE-6B72-47FE-8C19-8A649918D784}.Release|Any CPU.ActiveCfg = Release|Any CPU
		{CA68B5FE-6B72-47FE-8C19-8A649918D784}.Release|Any CPU.Build.0 = Release|Any CPU
		{31530FE3-270E-46F1-A464-67F546437375}.Debug|Any CPU.ActiveCfg = Debug|Any CPU
		{31530FE3-270E-46F1-A464-67F546437375}.Debug|Any CPU.Build.0 = Debug|Any CPU
		{31530FE3-270E-46F1-A464-67F546437375}.Release|Any CPU.ActiveCfg = Release|Any CPU
		{31530FE3-270E-46F1-A464-67F546437375}.Release|Any CPU.Build.0 = Release|Any CPU
		{0E6645CA-4D4B-4F32-84A1-A5521B0C13C1}.Debug|Any CPU.ActiveCfg = Debug|Any CPU
		{0E6645CA-4D4B-4F32-84A1-A5521B0C13C1}.Debug|Any CPU.Build.0 = Debug|Any CPU
		{0E6645CA-4D4B-4F32-84A1-A5521B0C13C1}.Release|Any CPU.ActiveCfg = Release|Any CPU
		{0E6645CA-4D4B-4F32-84A1-A5521B0C13C1}.Release|Any CPU.Build.0 = Release|Any CPU
		{BC366A3C-3507-4B84-B6F4-EE1761D41F8E}.Debug|Any CPU.ActiveCfg = Debug|Any CPU
		{BC366A3C-3507-4B84-B6F4-EE1761D41F8E}.Debug|Any CPU.Build.0 = Debug|Any CPU
		{BC366A3C-3507-4B84-B6F4-EE1761D41F8E}.Release|Any CPU.ActiveCfg = Release|Any CPU
		{BC366A3C-3507-4B84-B6F4-EE1761D41F8E}.Release|Any CPU.Build.0 = Release|Any CPU
	EndGlobalSection
	GlobalSection(SolutionProperties) = preSolution
		HideSolutionNode = FALSE
	EndGlobalSection
	GlobalSection(NestedProjects) = preSolution
		{9FFD5A98-B9EA-4BD3-92B2-B0C1B0539A8A} = {A21E0729-803F-4DC3-B04A-11643B808221}
		{CA68B5FE-6B72-47FE-8C19-8A649918D784} = {A21E0729-803F-4DC3-B04A-11643B808221}
		{31530FE3-270E-46F1-A464-67F546437375} = {A21E0729-803F-4DC3-B04A-11643B808221}
		{0E6645CA-4D4B-4F32-84A1-A5521B0C13C1} = {C52CFA6E-910C-4D89-B88D-A90616D862FA}
		{BC366A3C-3507-4B84-B6F4-EE1761D41F8E} = {C52CFA6E-910C-4D89-B88D-A90616D862FA}
	EndGlobalSection
	GlobalSection(ExtensibilityGlobals) = postSolution
		SolutionGuid = {F367FA31-E639-4C6E-B78A-CD8A85DD78F4}
	EndGlobalSection
EndGlobal
